
Microsoft Visual Studio Solution File, Format Version 12.00
# Visual Studio Version 17
VisualStudioVersion = 17.0.32112.339
MinimumVisualStudioVersion = 10.0.40219.1
Project("{FAE04EC0-301F-11D3-BF4B-00C04F79EFBC}") = "ServiceLayer", "Main\ServiceLayer.csproj", "{82B436EB-167B-4C33-BCE3-E18697A2998A}"
EndProject
Project("{FAE04EC0-301F-11D3-BF4B-00C04F79EFBC}") = "BusinessLayer", "BusinessLayer\BusinessLayer.csproj", "{EBD4B282-A21F-4052-811E-5562F9255416}"
EndProject
Project("{FAE04EC0-301F-11D3-BF4B-00C04F79EFBC}") = "Entities", "Entities\Entities.csproj", "{8D92C965-782A-4E21-BAE9-601849FEEC0E}"
EndProject
Project("{FAE04EC0-301F-11D3-BF4B-00C04F79EFBC}") = "DAOLayer", "DAOLayer\DAOLayer.csproj", "{07BAC64C-5C0E-47EB-8421-E609C16C0CC1}"
EndProject
Project("{FAE04EC0-301F-11D3-BF4B-00C04F79EFBC}") = "Utilities", "Utilities\Utilities.csproj", "{37644137-FDB0-4DD8-B578-B7CDED1A4C5D}"
EndProject
Global
	GlobalSection(SolutionConfigurationPlatforms) = preSolution
		Debug|Any CPU = Debug|Any CPU
		Release|Any CPU = Release|Any CPU
	EndGlobalSection
	GlobalSection(ProjectConfigurationPlatforms) = postSolution
		{82B436EB-167B-4C33-BCE3-E18697A2998A}.Debug|Any CPU.ActiveCfg = Debug|Any CPU
		{82B436EB-167B-4C33-BCE3-E18697A2998A}.Debug|Any CPU.Build.0 = Debug|Any CPU
		{82B436EB-167B-4C33-BCE3-E18697A2998A}.Release|Any CPU.ActiveCfg = Release|Any CPU
		{82B436EB-167B-4C33-BCE3-E18697A2998A}.Release|Any CPU.Build.0 = Release|Any CPU
		{EBD4B282-A21F-4052-811E-5562F9255416}.Debug|Any CPU.ActiveCfg = Debug|Any CPU
		{EBD4B282-A21F-4052-811E-5562F9255416}.Debug|Any CPU.Build.0 = Debug|Any CPU
		{EBD4B282-A21F-4052-811E-5562F9255416}.Release|Any CPU.ActiveCfg = Release|Any CPU
		{EBD4B282-A21F-4052-811E-5562F9255416}.Release|Any CPU.Build.0 = Release|Any CPU
		{8D92C965-782A-4E21-BAE9-601849FEEC0E}.Debug|Any CPU.ActiveCfg = Debug|Any CPU
		{8D92C965-782A-4E21-BAE9-601849FEEC0E}.Debug|Any CPU.Build.0 = Debug|Any CPU
		{8D92C965-782A-4E21-BAE9-601849FEEC0E}.Release|Any CPU.ActiveCfg = Release|Any CPU
		{8D92C965-782A-4E21-BAE9-601849FEEC0E}.Release|Any CPU.Build.0 = Release|Any CPU
		{07BAC64C-5C0E-47EB-8421-E609C16C0CC1}.Debug|Any CPU.ActiveCfg = Debug|Any CPU
		{07BAC64C-5C0E-47EB-8421-E609C16C0CC1}.Debug|Any CPU.Build.0 = Debug|Any CPU
		{07BAC64C-5C0E-47EB-8421-E609C16C0CC1}.Release|Any CPU.ActiveCfg = Release|Any CPU
		{07BAC64C-5C0E-47EB-8421-E609C16C0CC1}.Release|Any CPU.Build.0 = Release|Any CPU
		{37644137-FDB0-4DD8-B578-B7CDED1A4C5D}.Debug|Any CPU.ActiveCfg = Debug|Any CPU
		{37644137-FDB0-4DD8-B578-B7CDED1A4C5D}.Debug|Any CPU.Build.0 = Debug|Any CPU
		{37644137-FDB0-4DD8-B578-B7CDED1A4C5D}.Release|Any CPU.ActiveCfg = Release|Any CPU
		{37644137-FDB0-4DD8-B578-B7CDED1A4C5D}.Release|Any CPU.Build.0 = Release|Any CPU
	EndGlobalSection
	GlobalSection(SolutionProperties) = preSolution
		HideSolutionNode = FALSE
	EndGlobalSection
	GlobalSection(ExtensibilityGlobals) = postSolution
		SolutionGuid = {6430A1C6-2A59-404C-9E40-3C0358003984}
	EndGlobalSection
EndGlobal
